
Microsoft Visual Studio Solution File, Format Version 12.00
# Visual Studio Version 16
VisualStudioVersion = 16.0.31613.86
MinimumVisualStudioVersion = 10.0.40219.1
Project("{FAE04EC0-301F-11D3-BF4B-00C04F79EFBC}") = "RestWithASPNET", "RestWithASPNET\RestWithASPNET.csproj", "{17141C54-A882-4295-BC46-8F4B513E7183}"
EndProject
Global
	GlobalSection(SolutionConfigurationPlatforms) = preSolution
		Debug|Any CPU = Debug|Any CPU
		Release|Any CPU = Release|Any CPU
	EndGlobalSection
	GlobalSection(ProjectConfigurationPlatforms) = postSolution
		{17141C54-A882-4295-BC46-8F4B513E7183}.Debug|Any CPU.ActiveCfg = Debug|Any CPU
		{17141C54-A882-4295-BC46-8F4B513E7183}.Debug|Any CPU.Build.0 = Debug|Any CPU
		{17141C54-A882-4295-BC46-8F4B513E7183}.Release|Any CPU.ActiveCfg = Release|Any CPU
		{17141C54-A882-4295-BC46-8F4B513E7183}.Release|Any CPU.Build.0 = Release|Any CPU
	EndGlobalSection
	GlobalSection(SolutionProperties) = preSolution
		HideSolutionNode = FALSE
	EndGlobalSection
	GlobalSection(ExtensibilityGlobals) = postSolution
		SolutionGuid = {BE5C087C-B60C-4C83-867B-0A782517686B}
	EndGlobalSection
EndGlobal
